
Microsoft Visual Studio Solution File, Format Version 12.00
# Visual Studio Version 16
VisualStudioVersion = 16.0.30104.148
MinimumVisualStudioVersion = 10.0.40219.1
Project("{9A19103F-16F7-4668-BE54-9A1E7A4F7556}") = "TPMApi", "TPMApi\TPMApi.csproj", "{8A70DDCC-94C0-4411-9E62-1B249DBFDF6C}"
EndProject
Project("{9A19103F-16F7-4668-BE54-9A1E7A4F7556}") = "TPMHelper", "TPMHelper\TPMHelper.csproj", "{D41A422D-B95C-40A0-A4A2-6D8DDE4EA215}"
EndProject
Project("{9A19103F-16F7-4668-BE54-9A1E7A4F7556}") = "TPMDataLibrary", "TPMDataLibrary\TPMDataLibrary.csproj", "{853BABFD-3BCE-49CB-ABC1-6D54B4933CD3}"
EndProject
Global
	GlobalSection(SolutionConfigurationPlatforms) = preSolution
		Debug|Any CPU = Debug|Any CPU
		Release|Any CPU = Release|Any CPU
	EndGlobalSection
	GlobalSection(ProjectConfigurationPlatforms) = postSolution
		{8A70DDCC-94C0-4411-9E62-1B249DBFDF6C}.Debug|Any CPU.ActiveCfg = Debug|Any CPU
		{8A70DDCC-94C0-4411-9E62-1B249DBFDF6C}.Debug|Any CPU.Build.0 = Debug|Any CPU
		{8A70DDCC-94C0-4411-9E62-1B249DBFDF6C}.Release|Any CPU.ActiveCfg = Release|Any CPU
		{8A70DDCC-94C0-4411-9E62-1B249DBFDF6C}.Release|Any CPU.Build.0 = Release|Any CPU
		{D41A422D-B95C-40A0-A4A2-6D8DDE4EA215}.Debug|Any CPU.ActiveCfg = Debug|Any CPU
		{D41A422D-B95C-40A0-A4A2-6D8DDE4EA215}.Debug|Any CPU.Build.0 = Debug|Any CPU
		{D41A422D-B95C-40A0-A4A2-6D8DDE4EA215}.Release|Any CPU.ActiveCfg = Release|Any CPU
		{D41A422D-B95C-40A0-A4A2-6D8DDE4EA215}.Release|Any CPU.Build.0 = Release|Any CPU
		{853BABFD-3BCE-49CB-ABC1-6D54B4933CD3}.Debug|Any CPU.ActiveCfg = Debug|Any CPU
		{853BABFD-3BCE-49CB-ABC1-6D54B4933CD3}.Debug|Any CPU.Build.0 = Debug|Any CPU
		{853BABFD-3BCE-49CB-ABC1-6D54B4933CD3}.Release|Any CPU.ActiveCfg = Release|Any CPU
		{853BABFD-3BCE-49CB-ABC1-6D54B4933CD3}.Release|Any CPU.Build.0 = Release|Any CPU
	EndGlobalSection
	GlobalSection(SolutionProperties) = preSolution
		HideSolutionNode = FALSE
	EndGlobalSection
	GlobalSection(ExtensibilityGlobals) = postSolution
		SolutionGuid = {CC93F1EF-32B6-4962-AAD9-D0B63C422483}
	EndGlobalSection
EndGlobal
